// !$*UTF8*$!
{
	archiveVersion = 1;
	classes = {
	};
	objectVersion = 56;
	objects = {

/* Begin PBXBuildFile section */
		062EAD97290C542800CB6C50 /* M6_CitySightsApp.swift in Sources */ = {isa = PBXBuildFile; fileRef = 062EAD96290C542800CB6C50 /* M6_CitySightsApp.swift */; };
		062EAD99290C542800CB6C50 /* LaunchView.swift in Sources */ = {isa = PBXBuildFile; fileRef = 062EAD98290C542800CB6C50 /* LaunchView.swift */; };
		062EAD9B290C542A00CB6C50 /* Assets.xcassets in Resources */ = {isa = PBXBuildFile; fileRef = 062EAD9A290C542A00CB6C50 /* Assets.xcassets */; };
		062EAD9E290C542A00CB6C50 /* Preview Assets.xcassets in Resources */ = {isa = PBXBuildFile; fileRef = 062EAD9D290C542A00CB6C50 /* Preview Assets.xcassets */; };
		066C06AF29103965008DD0AF /* HomeView.swift in Sources */ = {isa = PBXBuildFile; fileRef = 066C06AE29103965008DD0AF /* HomeView.swift */; };
		066C06B229103BA8008DD0AF /* BusinessList.swift in Sources */ = {isa = PBXBuildFile; fileRef = 066C06B129103BA8008DD0AF /* BusinessList.swift */; };
		066C06B429104A08008DD0AF /* BusinessSectionHeader.swift in Sources */ = {isa = PBXBuildFile; fileRef = 066C06B329104A08008DD0AF /* BusinessSectionHeader.swift */; };
		066C06B629104A9C008DD0AF /* BusinessSection.swift in Sources */ = {isa = PBXBuildFile; fileRef = 066C06B529104A9C008DD0AF /* BusinessSection.swift */; };
		0684BC42290D9A6D001A243D /* ContentModel.swift in Sources */ = {isa = PBXBuildFile; fileRef = 0684BC41290D9A6D001A243D /* ContentModel.swift */; };
		06FD9F81290EF4FA006B84B1 /* Business.swift in Sources */ = {isa = PBXBuildFile; fileRef = 06FD9F80290EF4FA006B84B1 /* Business.swift */; };
		06FD9F83290EF64B006B84B1 /* BussinessSearch.swift in Sources */ = {isa = PBXBuildFile; fileRef = 06FD9F82290EF64B006B84B1 /* BussinessSearch.swift */; };
		06FD9F86290EF811006B84B1 /* Constants.swift in Sources */ = {isa = PBXBuildFile; fileRef = 06FD9F85290EF811006B84B1 /* Constants.swift */; };
/* End PBXBuildFile section */

/* Begin PBXFileReference section */
		062EAD93290C542800CB6C50 /* M6 City Sights App.app */ = {isa = PBXFileReference; explicitFileType = wrapper.application; includeInIndex = 0; path = "M6 City Sights App.app"; sourceTree = BUILT_PRODUCTS_DIR; };
		062EAD96290C542800CB6C50 /* M6_CitySightsApp.swift */ = {isa = PBXFileReference; lastKnownFileType = sourcecode.swift; path = M6_CitySightsApp.swift; sourceTree = "<group>"; };
		062EAD98290C542800CB6C50 /* LaunchView.swift */ = {isa = PBXFileReference; lastKnownFileType = sourcecode.swift; path = LaunchView.swift; sourceTree = "<group>"; };
		062EAD9A290C542A00CB6C50 /* Assets.xcassets */ = {isa = PBXFileReference; lastKnownFileType = folder.assetcatalog; path = Assets.xcassets; sourceTree = "<group>"; };
		062EAD9D290C542A00CB6C50 /* Preview Assets.xcassets */ = {isa = PBXFileReference; lastKnownFileType = folder.assetcatalog; path = "Preview Assets.xcassets"; sourceTree = "<group>"; };
		066C06AE29103965008DD0AF /* HomeView.swift */ = {isa = PBXFileReference; lastKnownFileType = sourcecode.swift; path = HomeView.swift; sourceTree = "<group>"; };
		066C06B129103BA8008DD0AF /* BusinessList.swift */ = {isa = PBXFileReference; lastKnownFileType = sourcecode.swift; path = BusinessList.swift; sourceTree = "<group>"; };
		066C06B329104A08008DD0AF /* BusinessSectionHeader.swift */ = {isa = PBXFileReference; lastKnownFileType = sourcecode.swift; path = BusinessSectionHeader.swift; sourceTree = "<group>"; };
		066C06B529104A9C008DD0AF /* BusinessSection.swift */ = {isa = PBXFileReference; lastKnownFileType = sourcecode.swift; path = BusinessSection.swift; sourceTree = "<group>"; };
		0684BC41290D9A6D001A243D /* ContentModel.swift */ = {isa = PBXFileReference; lastKnownFileType = sourcecode.swift; path = ContentModel.swift; sourceTree = "<group>"; };
		06BFC918290DA08F00DE745C /* Info.plist */ = {isa = PBXFileReference; lastKnownFileType = text.plist.xml; path = Info.plist; sourceTree = "<group>"; };
		06FD9F80290EF4FA006B84B1 /* Business.swift */ = {isa = PBXFileReference; lastKnownFileType = sourcecode.swift; path = Business.swift; sourceTree = "<group>"; };
		06FD9F82290EF64B006B84B1 /* BussinessSearch.swift */ = {isa = PBXFileReference; lastKnownFileType = sourcecode.swift; path = BussinessSearch.swift; sourceTree = "<group>"; };
		06FD9F85290EF811006B84B1 /* Constants.swift */ = {isa = PBXFileReference; lastKnownFileType = sourcecode.swift; path = Constants.swift; sourceTree = "<group>"; };
/* End PBXFileReference section */

/* Begin PBXFrameworksBuildPhase section */
		062EAD90290C542800CB6C50 /* Frameworks */ = {
			isa = PBXFrameworksBuildPhase;
			buildActionMask = 2147483647;
			files = (
			);
			runOnlyForDeploymentPostprocessing = 0;
		};
/* End PBXFrameworksBuildPhase section */

/* Begin PBXGroup section */
		062EAD8A290C542800CB6C50 = {
			isa = PBXGroup;
			children = (
				062EAD95290C542800CB6C50 /* M6 City Sights App */,
				062EAD94290C542800CB6C50 /* Products */,
			);
			sourceTree = "<group>";
		};
		062EAD94290C542800CB6C50 /* Products */ = {
			isa = PBXGroup;
			children = (
				062EAD93290C542800CB6C50 /* M6 City Sights App.app */,
			);
			name = Products;
			sourceTree = "<group>";
		};
		062EAD95290C542800CB6C50 /* M6 City Sights App */ = {
			isa = PBXGroup;
			children = (
				062EAD96290C542800CB6C50 /* M6_CitySightsApp.swift */,
				062EADA6290C552700CB6C50 /* Views */,
				062EADA5290C552100CB6C50 /* ViewModels */,
				062EADA4290C551800CB6C50 /* Models */,
				06FD9F84290EF800006B84B1 /* Helpers */,
				062EAD9A290C542A00CB6C50 /* Assets.xcassets */,
				06BFC918290DA08F00DE745C /* Info.plist */,
				062EAD9C290C542A00CB6C50 /* Preview Content */,
			);
			path = "M6 City Sights App";
			sourceTree = "<group>";
		};
		062EAD9C290C542A00CB6C50 /* Preview Content */ = {
			isa = PBXGroup;
			children = (
				062EAD9D290C542A00CB6C50 /* Preview Assets.xcassets */,
			);
			path = "Preview Content";
			sourceTree = "<group>";
		};
		062EADA4290C551800CB6C50 /* Models */ = {
			isa = PBXGroup;
			children = (
				06FD9F80290EF4FA006B84B1 /* Business.swift */,
				06FD9F82290EF64B006B84B1 /* BussinessSearch.swift */,
			);
			path = Models;
			sourceTree = "<group>";
		};
		062EADA5290C552100CB6C50 /* ViewModels */ = {
			isa = PBXGroup;
			children = (
				0684BC41290D9A6D001A243D /* ContentModel.swift */,
			);
			path = ViewModels;
			sourceTree = "<group>";
		};
		062EADA6290C552700CB6C50 /* Views */ = {
			isa = PBXGroup;
			children = (
				066C06AD2910395A008DD0AF /* Home */,
				066C06AC29103954008DD0AF /* Denied */,
				066C06AB2910394F008DD0AF /* Onboarding */,
				062EAD98290C542800CB6C50 /* LaunchView.swift */,
			);
			path = Views;
			sourceTree = "<group>";
		};
		066C06AB2910394F008DD0AF /* Onboarding */ = {
			isa = PBXGroup;
			children = (
			);
			path = Onboarding;
			sourceTree = "<group>";
		};
		066C06AC29103954008DD0AF /* Denied */ = {
			isa = PBXGroup;
			children = (
			);
			path = Denied;
			sourceTree = "<group>";
		};
		066C06AD2910395A008DD0AF /* Home */ = {
			isa = PBXGroup;
			children = (
				066C06AE29103965008DD0AF /* HomeView.swift */,
				066C06B029103B9A008DD0AF /* List */,
			);
			path = Home;
			sourceTree = "<group>";
		};
		066C06B029103B9A008DD0AF /* List */ = {
			isa = PBXGroup;
			children = (
				066C06B129103BA8008DD0AF /* BusinessList.swift */,
				066C06B329104A08008DD0AF /* BusinessSectionHeader.swift */,
				066C06B529104A9C008DD0AF /* BusinessSection.swift */,
			);
			path = List;
			sourceTree = "<group>";
		};
		06FD9F84290EF800006B84B1 /* Helpers */ = {
			isa = PBXGroup;
			children = (
				06FD9F85290EF811006B84B1 /* Constants.swift */,
			);
			path = Helpers;
			sourceTree = "<group>";
		};
/* End PBXGroup section */

/* Begin PBXNativeTarget section */
		062EAD92290C542800CB6C50 /* M6 City Sights App */ = {
			isa = PBXNativeTarget;
			buildConfigurationList = 062EADA1290C542A00CB6C50 /* Build configuration list for PBXNativeTarget "M6 City Sights App" */;
			buildPhases = (
				062EAD8F290C542800CB6C50 /* Sources */,
				062EAD90290C542800CB6C50 /* Frameworks */,
				062EAD91290C542800CB6C50 /* Resources */,
			);
			buildRules = (
			);
			dependencies = (
			);
			name = "M6 City Sights App";
			productName = "M6 City Sights App";
			productReference = 062EAD93290C542800CB6C50 /* M6 City Sights App.app */;
			productType = "com.apple.product-type.application";
		};
/* End PBXNativeTarget section */

/* Begin PBXProject section */
		062EAD8B290C542800CB6C50 /* Project object */ = {
			isa = PBXProject;
			attributes = {
				BuildIndependentTargetsInParallel = 1;
				LastSwiftUpdateCheck = 1400;
				LastUpgradeCheck = 1400;
				TargetAttributes = {
					062EAD92290C542800CB6C50 = {
						CreatedOnToolsVersion = 14.0.1;
					};
				};
			};
			buildConfigurationList = 062EAD8E290C542800CB6C50 /* Build configuration list for PBXProject "M6 City Sights App" */;
			compatibilityVersion = "Xcode 14.0";
			developmentRegion = en;
			hasScannedForEncodings = 0;
			knownRegions = (
				en,
				Base,
			);
			mainGroup = 062EAD8A290C542800CB6C50;
			productRefGroup = 062EAD94290C542800CB6C50 /* Products */;
			projectDirPath = "";
			projectRoot = "";
			targets = (
				062EAD92290C542800CB6C50 /* M6 City Sights App */,
			);
		};
/* End PBXProject section */

/* Begin PBXResourcesBuildPhase section */
		062EAD91290C542800CB6C50 /* Resources */ = {
			isa = PBXResourcesBuildPhase;
			buildActionMask = 2147483647;
			files = (
				062EAD9E290C542A00CB6C50 /* Preview Assets.xcassets in Resources */,
				062EAD9B290C542A00CB6C50 /* Assets.xcassets in Resources */,
			);
			runOnlyForDeploymentPostprocessing = 0;
		};
/* End PBXResourcesBuildPhase section */

/* Begin PBXSourcesBuildPhase section */
		062EAD8F290C542800CB6C50 /* Sources */ = {
			isa = PBXSourcesBuildPhase;
			buildActionMask = 2147483647;
			files = (
				062EAD99290C542800CB6C50 /* LaunchView.swift in Sources */,
				066C06AF29103965008DD0AF /* HomeView.swift in Sources */,
				06FD9F83290EF64B006B84B1 /* BussinessSearch.swift in Sources */,
				066C06B429104A08008DD0AF /* BusinessSectionHeader.swift in Sources */,
				06FD9F81290EF4FA006B84B1 /* Business.swift in Sources */,
				062EAD97290C542800CB6C50 /* M6_CitySightsApp.swift in Sources */,
				066C06B229103BA8008DD0AF /* BusinessList.swift in Sources */,
				066C06B629104A9C008DD0AF /* BusinessSection.swift in Sources */,
				0684BC42290D9A6D001A243D /* ContentModel.swift in Sources */,
				06FD9F86290EF811006B84B1 /* Constants.swift in Sources */,
			);
			runOnlyForDeploymentPostprocessing = 0;
		};
/* End PBXSourcesBuildPhase section */

/* Begin XCBuildConfiguration section */
		062EAD9F290C542A00CB6C50 /* Debug */ = {
			isa = XCBuildConfiguration;
			buildSettings = {
				ALWAYS_SEARCH_USER_PATHS = NO;
				CLANG_ANALYZER_NONNULL = YES;
				CLANG_ANALYZER_NUMBER_OBJECT_CONVERSION = YES_AGGRESSIVE;
				CLANG_CXX_LANGUAGE_STANDARD = "gnu++20";
				CLANG_ENABLE_MODULES = YES;
				CLANG_ENABLE_OBJC_ARC = YES;
				CLANG_ENABLE_OBJC_WEAK = YES;
				CLANG_WARN_BLOCK_CAPTURE_AUTORELEASING = YES;
				CLANG_WARN_BOOL_CONVERSION = YES;
				CLANG_WARN_COMMA = YES;
				CLANG_WARN_CONSTANT_CONVERSION = YES;
				CLANG_WARN_DEPRECATED_OBJC_IMPLEMENTATIONS = YES;
				CLANG_WARN_DIRECT_OBJC_ISA_USAGE = YES_ERROR;
				CLANG_WARN_DOCUMENTATION_COMMENTS = YES;
				CLANG_WARN_EMPTY_BODY = YES;
				CLANG_WARN_ENUM_CONVERSION = YES;
				CLANG_WARN_INFINITE_RECURSION = YES;
				CLANG_WARN_INT_CONVERSION = YES;
				CLANG_WARN_NON_LITERAL_NULL_CONVERSION = YES;
				CLANG_WARN_OBJC_IMPLICIT_RETAIN_SELF = YES;
				CLANG_WARN_OBJC_LITERAL_CONVERSION = YES;
				CLANG_WARN_OBJC_ROOT_CLASS = YES_ERROR;
				CLANG_WARN_QUOTED_INCLUDE_IN_FRAMEWORK_HEADER = YES;
				CLANG_WARN_RANGE_LOOP_ANALYSIS = YES;
				CLANG_WARN_STRICT_PROTOTYPES = YES;
				CLANG_WARN_SUSPICIOUS_MOVE = YES;
				CLANG_WARN_UNGUARDED_AVAILABILITY = YES_AGGRESSIVE;
				CLANG_WARN_UNREACHABLE_CODE = YES;
				CLANG_WARN__DUPLICATE_METHOD_MATCH = YES;
				COPY_PHASE_STRIP = NO;
				DEBUG_INFORMATION_FORMAT = dwarf;
				ENABLE_STRICT_OBJC_MSGSEND = YES;
				ENABLE_TESTABILITY = YES;
				GCC_C_LANGUAGE_STANDARD = gnu11;
				GCC_DYNAMIC_NO_PIC = NO;
				GCC_NO_COMMON_BLOCKS = YES;
				GCC_OPTIMIZATION_LEVEL = 0;
				GCC_PREPROCESSOR_DEFINITIONS = (
					"DEBUG=1",
					"$(inherited)",
				);
				GCC_WARN_64_TO_32_BIT_CONVERSION = YES;
				GCC_WARN_ABOUT_RETURN_TYPE = YES_ERROR;
				GCC_WARN_UNDECLARED_SELECTOR = YES;
				GCC_WARN_UNINITIALIZED_AUTOS = YES_AGGRESSIVE;
				GCC_WARN_UNUSED_FUNCTION = YES;
				GCC_WARN_UNUSED_VARIABLE = YES;
				IPHONEOS_DEPLOYMENT_TARGET = 16.0;
				MTL_ENABLE_DEBUG_INFO = INCLUDE_SOURCE;
				MTL_FAST_MATH = YES;
				ONLY_ACTIVE_ARCH = YES;
				SDKROOT = iphoneos;
				SWIFT_ACTIVE_COMPILATION_CONDITIONS = DEBUG;
				SWIFT_OPTIMIZATION_LEVEL = "-Onone";
			};
			name = Debug;
		};
		062EADA0290C542A00CB6C50 /* Release */ = {
			isa = XCBuildConfiguration;
			buildSettings = {
				ALWAYS_SEARCH_USER_PATHS = NO;
				CLANG_ANALYZER_NONNULL = YES;
				CLANG_ANALYZER_NUMBER_OBJECT_CONVERSION = YES_AGGRESSIVE;
				CLANG_CXX_LANGUAGE_STANDARD = "gnu++20";
				CLANG_ENABLE_MODULES = YES;
				CLANG_ENABLE_OBJC_ARC = YES;
				CLANG_ENABLE_OBJC_WEAK = YES;
				CLANG_WARN_BLOCK_CAPTURE_AUTORELEASING = YES;
				CLANG_WARN_BOOL_CONVERSION = YES;
				CLANG_WARN_COMMA = YES;
				CLANG_WARN_CONSTANT_CONVERSION = YES;
				CLANG_WARN_DEPRECATED_OBJC_IMPLEMENTATIONS = YES;
				CLANG_WARN_DIRECT_OBJC_ISA_USAGE = YES_ERROR;
				CLANG_WARN_DOCUMENTATION_COMMENTS = YES;
				CLANG_WARN_EMPTY_BODY = YES;
				CLANG_WARN_ENUM_CONVERSION = YES;
				CLANG_WARN_INFINITE_RECURSION = YES;
				CLANG_WARN_INT_CONVERSION = YES;
				CLANG_WARN_NON_LITERAL_NULL_CONVERSION = YES;
				CLANG_WARN_OBJC_IMPLICIT_RETAIN_SELF = YES;
				CLANG_WARN_OBJC_LITERAL_CONVERSION = YES;
				CLANG_WARN_OBJC_ROOT_CLASS = YES_ERROR;
				CLANG_WARN_QUOTED_INCLUDE_IN_FRAMEWORK_HEADER = YES;
				CLANG_WARN_RANGE_LOOP_ANALYSIS = YES;
				CLANG_WARN_STRICT_PROTOTYPES = YES;
				CLANG_WARN_SUSPICIOUS_MOVE = YES;
				CLANG_WARN_UNGUARDED_AVAILABILITY = YES_AGGRESSIVE;
				CLANG_WARN_UNREACHABLE_CODE = YES;
				CLANG_WARN__DUPLICATE_METHOD_MATCH = YES;
				COPY_PHASE_STRIP = NO;
				DEBUG_INFORMATION_FORMAT = "dwarf-with-dsym";
				ENABLE_NS_ASSERTIONS = NO;
				ENABLE_STRICT_OBJC_MSGSEND = YES;
				GCC_C_LANGUAGE_STANDARD = gnu11;
				GCC_NO_COMMON_BLOCKS = YES;
				GCC_WARN_64_TO_32_BIT_CONVERSION = YES;
				GCC_WARN_ABOUT_RETURN_TYPE = YES_ERROR;
				GCC_WARN_UNDECLARED_SELECTOR = YES;
				GCC_WARN_UNINITIALIZED_AUTOS = YES_AGGRESSIVE;
				GCC_WARN_UNUSED_FUNCTION = YES;
				GCC_WARN_UNUSED_VARIABLE = YES;
				IPHONEOS_DEPLOYMENT_TARGET = 16.0;
				MTL_ENABLE_DEBUG_INFO = NO;
				MTL_FAST_MATH = YES;
				SDKROOT = iphoneos;
				SWIFT_COMPILATION_MODE = wholemodule;
				SWIFT_OPTIMIZATION_LEVEL = "-O";
				VALIDATE_PRODUCT = YES;
			};
			name = Release;
		};
		062EADA2290C542A00CB6C50 /* Debug */ = {
			isa = XCBuildConfiguration;
			buildSettings = {
				ASSETCATALOG_COMPILER_APPICON_NAME = AppIcon;
				ASSETCATALOG_COMPILER_GLOBAL_ACCENT_COLOR_NAME = AccentColor;
				CODE_SIGN_STYLE = Automatic;
				CURRENT_PROJECT_VERSION = 1;
				DEVELOPMENT_ASSET_PATHS = "\"M6 City Sights App/Preview Content\"";
				ENABLE_PREVIEWS = YES;
				GENERATE_INFOPLIST_FILE = NO;
				INFOPLIST_FILE = "/Users/xinyuehu/Documents/AppDev/M6 City Sights App/M6 City Sights App/Info.plist";
				INFOPLIST_KEY_NSLocationWhenInUseUsageDescription = Testing;
				INFOPLIST_KEY_UIApplicationSceneManifest_Generation = YES;
				INFOPLIST_KEY_UIApplicationSupportsIndirectInputEvents = YES;
				INFOPLIST_KEY_UILaunchScreen_Generation = YES;
				INFOPLIST_KEY_UISupportedInterfaceOrientations_iPad = "UIInterfaceOrientationPortrait UIInterfaceOrientationPortraitUpsideDown UIInterfaceOrientationLandscapeLeft UIInterfaceOrientationLandscapeRight";
				INFOPLIST_KEY_UISupportedInterfaceOrientations_iPhone = "UIInterfaceOrientationPortrait UIInterfaceOrientationLandscapeLeft UIInterfaceOrientationLandscapeRight";
				LD_RUNPATH_SEARCH_PATHS = (
					"$(inherited)",
					"@executable_path/Frameworks",
				);
				MARKETING_VERSION = 1.0;
				PRODUCT_BUNDLE_IDENTIFIER = "clang.M6-City-Sights-App";
				PRODUCT_NAME = "$(TARGET_NAME)";
				SWIFT_EMIT_LOC_STRINGS = YES;
				SWIFT_VERSION = 5.0;
				TARGETED_DEVICE_FAMILY = "1,2";
			};
			name = Debug;
		};
		062EADA3290C542A00CB6C50 /* Release */ = {
			isa = XCBuildConfiguration;
			buildSettings = {
				ASSETCATALOG_COMPILER_APPICON_NAME = AppIcon;
				ASSETCATALOG_COMPILER_GLOBAL_ACCENT_COLOR_NAME = AccentColor;
				CODE_SIGN_STYLE = Automatic;
				CURRENT_PROJECT_VERSION = 1;
				DEVELOPMENT_ASSET_PATHS = "\"M6 City Sights App/Preview Content\"";
				ENABLE_PREVIEWS = YES;
				GENERATE_INFOPLIST_FILE = NO;
				INFOPLIST_FILE = "/Users/xinyuehu/Documents/AppDev/M6 City Sights App/M6 City Sights App/Info.plist";
				INFOPLIST_KEY_NSLocationWhenInUseUsageDescription = Testing;
				INFOPLIST_KEY_UIApplicationSceneManifest_Generation = YES;
				INFOPLIST_KEY_UIApplicationSupportsIndirectInputEvents = YES;
				INFOPLIST_KEY_UILaunchScreen_Generation = YES;
				INFOPLIST_KEY_UISupportedInterfaceOrientations_iPad = "UIInterfaceOrientationPortrait UIInterfaceOrientationPortraitUpsideDown UIInterfaceOrientationLandscapeLeft UIInterfaceOrientationLandscapeRight";
				INFOPLIST_KEY_UISupportedInterfaceOrientations_iPhone = "UIInterfaceOrientationPortrait UIInterfaceOrientationLandscapeLeft UIInterfaceOrientationLandscapeRight";
				LD_RUNPATH_SEARCH_PATHS = (
					"$(inherited)",
					"@executable_path/Frameworks",
				);
				MARKETING_VERSION = 1.0;
				PRODUCT_BUNDLE_IDENTIFIER = "clang.M6-City-Sights-App";
				PRODUCT_NAME = "$(TARGET_NAME)";
				SWIFT_EMIT_LOC_STRINGS = YES;
				SWIFT_VERSION = 5.0;
				TARGETED_DEVICE_FAMILY = "1,2";
			};
			name = Release;
		};
/* End XCBuildConfiguration section */

/* Begin XCConfigurationList section */
		062EAD8E290C542800CB6C50 /* Build configuration list for PBXProject "M6 City Sights App" */ = {
			isa = XCConfigurationList;
			buildConfigurations = (
				062EAD9F290C542A00CB6C50 /* Debug */,
				062EADA0290C542A00CB6C50 /* Release */,
			);
			defaultConfigurationIsVisible = 0;
			defaultConfigurationName = Release;
		};
		062EADA1290C542A00CB6C50 /* Build configuration list for PBXNativeTarget "M6 City Sights App" */ = {
			isa = XCConfigurationList;
			buildConfigurations = (
				062EADA2290C542A00CB6C50 /* Debug */,
				062EADA3290C542A00CB6C50 /* Release */,
			);
			defaultConfigurationIsVisible = 0;
			defaultConfigurationName = Release;
		};
/* End XCConfigurationList section */
	};
	rootObject = 062EAD8B290C542800CB6C50 /* Project object */;
}
